
Microsoft Visual Studio Solution File, Format Version 12.00
# Visual Studio Version 17
VisualStudioVersion = 17.5.33516.290
MinimumVisualStudioVersion = 10.0.40219.1
Project("{FAE04EC0-301F-11D3-BF4B-00C04F79EFBC}") = "AcPartsEditor", "AcPartsEditor.csproj", "{122B153F-2558-472D-A54E-D3F7339523A1}"
EndProject
Project("{9A19103F-16F7-4668-BE54-9A1E7A4F7556}") = "SoulsFormats", "..\SoulsFormats\SoulsFormats\SoulsFormats.csproj", "{E3328A25-3EB9-4858-B860-859664AD7E08}"
EndProject
Global
	GlobalSection(SolutionConfigurationPlatforms) = preSolution
		Debug|Any CPU = Debug|Any CPU
		Release|Any CPU = Release|Any CPU
	EndGlobalSection
	GlobalSection(ProjectConfigurationPlatforms) = postSolution
		{122B153F-2558-472D-A54E-D3F7339523A1}.Debug|Any CPU.ActiveCfg = Debug|Any CPU
		{122B153F-2558-472D-A54E-D3F7339523A1}.Debug|Any CPU.Build.0 = Debug|Any CPU
		{122B153F-2558-472D-A54E-D3F7339523A1}.Release|Any CPU.ActiveCfg = Release|Any CPU
		{122B153F-2558-472D-A54E-D3F7339523A1}.Release|Any CPU.Build.0 = Release|Any CPU
		{E3328A25-3EB9-4858-B860-859664AD7E08}.Debug|Any CPU.ActiveCfg = Debug|Any CPU
		{E3328A25-3EB9-4858-B860-859664AD7E08}.Debug|Any CPU.Build.0 = Debug|Any CPU
		{E3328A25-3EB9-4858-B860-859664AD7E08}.Release|Any CPU.ActiveCfg = Release|Any CPU
		{E3328A25-3EB9-4858-B860-859664AD7E08}.Release|Any CPU.Build.0 = Release|Any CPU
	EndGlobalSection
	GlobalSection(SolutionProperties) = preSolution
		HideSolutionNode = FALSE
	EndGlobalSection
	GlobalSection(ExtensibilityGlobals) = postSolution
		SolutionGuid = {45238662-BCE8-41B0-A161-374AA607D9DF}
	EndGlobalSection
EndGlobal
